# This file is automatically @generated by Cargo.
# It is not intended for manual editing.
version = 3

[[package]]
name = "container-with-most-water"
version = "0.1.0"

[[package]]
name = "integer-to-roman"
version = "0.1.0"

[[package]]
name = "multiply-strings"
version = "0.1.0"

[[package]]
name = "regular-expression-matching"
version = "0.1.0"

[[package]]
name = "string-to-integer"
version = "0.1.0"
